// !$*UTF8*$!
{
	archiveVersion = 1;
	classes = {
	};
	objectVersion = 46;
	objects = {

/* Begin PBXBuildFile section */
		EC5A2BDF198552C900A5C2FA /* AppDelegate.swift in Sources */ = {isa = PBXBuildFile; fileRef = EC5A2BDE198552C900A5C2FA /* AppDelegate.swift */; };
		EC5A2BE1198552C900A5C2FA /* ViewController.swift in Sources */ = {isa = PBXBuildFile; fileRef = EC5A2BE0198552C900A5C2FA /* ViewController.swift */; };
		EC5A2BE4198552C900A5C2FA /* Main.storyboard in Resources */ = {isa = PBXBuildFile; fileRef = EC5A2BE2198552C900A5C2FA /* Main.storyboard */; };
		EC5A2BE6198552C900A5C2FA /* Images.xcassets in Resources */ = {isa = PBXBuildFile; fileRef = EC5A2BE5198552C900A5C2FA /* Images.xcassets */; };
		EC5A2BF2198552C900A5C2FA /* FirstSwiftTests.swift in Sources */ = {isa = PBXBuildFile; fileRef = EC5A2BF1198552C900A5C2FA /* FirstSwiftTests.swift */; };
/* End PBXBuildFile section */

/* Begin PBXContainerItemProxy section */
		EC5A2BEC198552C900A5C2FA /* PBXContainerItemProxy */ = {
			isa = PBXContainerItemProxy;
			containerPortal = EC5A2BD1198552C900A5C2FA /* Project object */;
			proxyType = 1;
			remoteGlobalIDString = EC5A2BD8198552C900A5C2FA;
			remoteInfo = FirstSwift;
		};
/* End PBXContainerItemProxy section */

/* Begin PBXFileReference section */
		EC5A2BD9198552C900A5C2FA /* FirstSwift.app */ = {isa = PBXFileReference; explicitFileType = wrapper.application; includeInIndex = 0; path = FirstSwift.app; sourceTree = BUILT_PRODUCTS_DIR; };
		EC5A2BDD198552C900A5C2FA /* Info.plist */ = {isa = PBXFileReference; lastKnownFileType = text.plist.xml; path = Info.plist; sourceTree = "<group>"; };
		EC5A2BDE198552C900A5C2FA /* AppDelegate.swift */ = {isa = PBXFileReference; lastKnownFileType = sourcecode.swift; path = AppDelegate.swift; sourceTree = "<group>"; };
		EC5A2BE0198552C900A5C2FA /* ViewController.swift */ = {isa = PBXFileReference; lastKnownFileType = sourcecode.swift; path = ViewController.swift; sourceTree = "<group>"; };
		EC5A2BE3198552C900A5C2FA /* Base */ = {isa = PBXFileReference; lastKnownFileType = file.storyboard; name = Base; path = Base.lproj/Main.storyboard; sourceTree = "<group>"; };
		EC5A2BE5198552C900A5C2FA /* Images.xcassets */ = {isa = PBXFileReference; lastKnownFileType = folder.assetcatalog; path = Images.xcassets; sourceTree = "<group>"; };
		EC5A2BEB198552C900A5C2FA /* FirstSwiftTests.xctest */ = {isa = PBXFileReference; explicitFileType = wrapper.cfbundle; includeInIndex = 0; path = FirstSwiftTests.xctest; sourceTree = BUILT_PRODUCTS_DIR; };
		EC5A2BF0198552C900A5C2FA /* Info.plist */ = {isa = PBXFileReference; lastKnownFileType = text.plist.xml; path = Info.plist; sourceTree = "<group>"; };
		EC5A2BF1198552C900A5C2FA /* FirstSwiftTests.swift */ = {isa = PBXFileReference; lastKnownFileType = sourcecode.swift; path = FirstSwiftTests.swift; sourceTree = "<group>"; };
/* End PBXFileReference section */

/* Begin PBXFrameworksBuildPhase section */
		EC5A2BD6198552C900A5C2FA /* Frameworks */ = {
			isa = PBXFrameworksBuildPhase;
			buildActionMask = 2147483647;
			files = (
			);
			runOnlyForDeploymentPostprocessing = 0;
		};
		EC5A2BE8198552C900A5C2FA /* Frameworks */ = {
			isa = PBXFrameworksBuildPhase;
			buildActionMask = 2147483647;
			files = (
			);
			runOnlyForDeploymentPostprocessing = 0;
		};
/* End PBXFrameworksBuildPhase section */

/* Begin PBXGroup section */
		EC5A2BD0198552C900A5C2FA = {
			isa = PBXGroup;
			children = (
				EC5A2BDB198552C900A5C2FA /* FirstSwift */,
				EC5A2BEE198552C900A5C2FA /* FirstSwiftTests */,
				EC5A2BDA198552C900A5C2FA /* Products */,
			);
			sourceTree = "<group>";
		};
		EC5A2BDA198552C900A5C2FA /* Products */ = {
			isa = PBXGroup;
			children = (
				EC5A2BD9198552C900A5C2FA /* FirstSwift.app */,
				EC5A2BEB198552C900A5C2FA /* FirstSwiftTests.xctest */,
			);
			name = Products;
			sourceTree = "<group>";
		};
		EC5A2BDB198552C900A5C2FA /* FirstSwift */ = {
			isa = PBXGroup;
			children = (
				EC5A2BDE198552C900A5C2FA /* AppDelegate.swift */,
				EC5A2BE0198552C900A5C2FA /* ViewController.swift */,
				EC5A2BE2198552C900A5C2FA /* Main.storyboard */,
				EC5A2BE5198552C900A5C2FA /* Images.xcassets */,
				EC5A2BDC198552C900A5C2FA /* Supporting Files */,
			);
			path = FirstSwift;
			sourceTree = "<group>";
		};
		EC5A2BDC198552C900A5C2FA /* Supporting Files */ = {
			isa = PBXGroup;
			children = (
				EC5A2BDD198552C900A5C2FA /* Info.plist */,
			);
			name = "Supporting Files";
			sourceTree = "<group>";
		};
		EC5A2BEE198552C900A5C2FA /* FirstSwiftTests */ = {
			isa = PBXGroup;
			children = (
				EC5A2BF1198552C900A5C2FA /* FirstSwiftTests.swift */,
				EC5A2BEF198552C900A5C2FA /* Supporting Files */,
			);
			path = FirstSwiftTests;
			sourceTree = "<group>";
		};
		EC5A2BEF198552C900A5C2FA /* Supporting Files */ = {
			isa = PBXGroup;
			children = (
				EC5A2BF0198552C900A5C2FA /* Info.plist */,
			);
			name = "Supporting Files";
			sourceTree = "<group>";
		};
/* End PBXGroup section */

/* Begin PBXNativeTarget section */
		EC5A2BD8198552C900A5C2FA /* FirstSwift */ = {
			isa = PBXNativeTarget;
			buildConfigurationList = EC5A2BF5198552C900A5C2FA /* Build configuration list for PBXNativeTarget "FirstSwift" */;
			buildPhases = (
				EC5A2BD5198552C900A5C2FA /* Sources */,
				EC5A2BD6198552C900A5C2FA /* Frameworks */,
				EC5A2BD7198552C900A5C2FA /* Resources */,
			);
			buildRules = (
			);
			dependencies = (
			);
			name = FirstSwift;
			productName = FirstSwift;
			productReference = EC5A2BD9198552C900A5C2FA /* FirstSwift.app */;
			productType = "com.apple.product-type.application";
		};
		EC5A2BEA198552C900A5C2FA /* FirstSwiftTests */ = {
			isa = PBXNativeTarget;
			buildConfigurationList = EC5A2BF8198552C900A5C2FA /* Build configuration list for PBXNativeTarget "FirstSwiftTests" */;
			buildPhases = (
				EC5A2BE7198552C900A5C2FA /* Sources */,
				EC5A2BE8198552C900A5C2FA /* Frameworks */,
				EC5A2BE9198552C900A5C2FA /* Resources */,
			);
			buildRules = (
			);
			dependencies = (
				EC5A2BED198552C900A5C2FA /* PBXTargetDependency */,
			);
			name = FirstSwiftTests;
			productName = FirstSwiftTests;
			productReference = EC5A2BEB198552C900A5C2FA /* FirstSwiftTests.xctest */;
			productType = "com.apple.product-type.bundle.unit-test";
		};
/* End PBXNativeTarget section */

/* Begin PBXProject section */
		EC5A2BD1198552C900A5C2FA /* Project object */ = {
			isa = PBXProject;
			attributes = {
				LastUpgradeCheck = 0600;
				ORGANIZATIONNAME = matiasdim;
				TargetAttributes = {
					EC5A2BD8198552C900A5C2FA = {
						CreatedOnToolsVersion = 6.0;
					};
					EC5A2BEA198552C900A5C2FA = {
						CreatedOnToolsVersion = 6.0;
						TestTargetID = EC5A2BD8198552C900A5C2FA;
					};
				};
			};
			buildConfigurationList = EC5A2BD4198552C900A5C2FA /* Build configuration list for PBXProject "FirstSwift" */;
			compatibilityVersion = "Xcode 3.2";
			developmentRegion = English;
			hasScannedForEncodings = 0;
			knownRegions = (
				en,
				Base,
			);
			mainGroup = EC5A2BD0198552C900A5C2FA;
			productRefGroup = EC5A2BDA198552C900A5C2FA /* Products */;
			projectDirPath = "";
			projectRoot = "";
			targets = (
				EC5A2BD8198552C900A5C2FA /* FirstSwift */,
				EC5A2BEA198552C900A5C2FA /* FirstSwiftTests */,
			);
		};
/* End PBXProject section */

/* Begin PBXResourcesBuildPhase section */
		EC5A2BD7198552C900A5C2FA /* Resources */ = {
			isa = PBXResourcesBuildPhase;
			buildActionMask = 2147483647;
			files = (
				EC5A2BE4198552C900A5C2FA /* Main.storyboard in Resources */,
				EC5A2BE6198552C900A5C2FA /* Images.xcassets in Resources */,
			);
			runOnlyForDeploymentPostprocessing = 0;
		};
		EC5A2BE9198552C900A5C2FA /* Resources */ = {
			isa = PBXResourcesBuildPhase;
			buildActionMask = 2147483647;
			files = (
			);
			runOnlyForDeploymentPostprocessing = 0;
		};
/* End PBXResourcesBuildPhase section */

/* Begin PBXSourcesBuildPhase section */
		EC5A2BD5198552C900A5C2FA /* Sources */ = {
			isa = PBXSourcesBuildPhase;
			buildActionMask = 2147483647;
			files = (
				EC5A2BE1198552C900A5C2FA /* ViewController.swift in Sources */,
				EC5A2BDF198552C900A5C2FA /* AppDelegate.swift in Sources */,
			);
			runOnlyForDeploymentPostprocessing = 0;
		};
		EC5A2BE7198552C900A5C2FA /* Sources */ = {
			isa = PBXSourcesBuildPhase;
			buildActionMask = 2147483647;
			files = (
				EC5A2BF2198552C900A5C2FA /* FirstSwiftTests.swift in Sources */,
			);
			runOnlyForDeploymentPostprocessing = 0;
		};
/* End PBXSourcesBuildPhase section */

/* Begin PBXTargetDependency section */
		EC5A2BED198552C900A5C2FA /* PBXTargetDependency */ = {
			isa = PBXTargetDependency;
			target = EC5A2BD8198552C900A5C2FA /* FirstSwift */;
			targetProxy = EC5A2BEC198552C900A5C2FA /* PBXContainerItemProxy */;
		};
/* End PBXTargetDependency section */

/* Begin PBXVariantGroup section */
		EC5A2BE2198552C900A5C2FA /* Main.storyboard */ = {
			isa = PBXVariantGroup;
			children = (
				EC5A2BE3198552C900A5C2FA /* Base */,
			);
			name = Main.storyboard;
			sourceTree = "<group>";
		};
/* End PBXVariantGroup section */

/* Begin XCBuildConfiguration section */
		EC5A2BF3198552C900A5C2FA /* Debug */ = {
			isa = XCBuildConfiguration;
			buildSettings = {
				ALWAYS_SEARCH_USER_PATHS = NO;
				CLANG_CXX_LANGUAGE_STANDARD = "gnu++0x";
				CLANG_CXX_LIBRARY = "libc++";
				CLANG_ENABLE_MODULES = YES;
				CLANG_ENABLE_OBJC_ARC = YES;
				CLANG_WARN_BOOL_CONVERSION = YES;
				CLANG_WARN_CONSTANT_CONVERSION = YES;
				CLANG_WARN_DIRECT_OBJC_ISA_USAGE = YES_ERROR;
				CLANG_WARN_EMPTY_BODY = YES;
				CLANG_WARN_ENUM_CONVERSION = YES;
				CLANG_WARN_INT_CONVERSION = YES;
				CLANG_WARN_OBJC_ROOT_CLASS = YES_ERROR;
				CLANG_WARN_UNREACHABLE_CODE = YES;
				CLANG_WARN__DUPLICATE_METHOD_MATCH = YES;
				"CODE_SIGN_IDENTITY[sdk=iphoneos*]" = "iPhone Developer";
				COPY_PHASE_STRIP = NO;
				ENABLE_STRICT_OBJC_MSGSEND = YES;
				GCC_C_LANGUAGE_STANDARD = gnu99;
				GCC_DYNAMIC_NO_PIC = NO;
				GCC_OPTIMIZATION_LEVEL = 0;
				GCC_PREPROCESSOR_DEFINITIONS = (
					"DEBUG=1",
					"$(inherited)",
				);
				GCC_SYMBOLS_PRIVATE_EXTERN = NO;
				GCC_WARN_64_TO_32_BIT_CONVERSION = YES;
				GCC_WARN_ABOUT_RETURN_TYPE = YES_ERROR;
				GCC_WARN_UNDECLARED_SELECTOR = YES;
				GCC_WARN_UNINITIALIZED_AUTOS = YES_AGGRESSIVE;
				GCC_WARN_UNUSED_FUNCTION = YES;
				GCC_WARN_UNUSED_VARIABLE = YES;
				IPHONEOS_DEPLOYMENT_TARGET = 8.0;
				MTL_ENABLE_DEBUG_INFO = YES;
				ONLY_ACTIVE_ARCH = YES;
				SDKROOT = iphoneos;
				SWIFT_OPTIMIZATION_LEVEL = "-Onone";
			};
			name = Debug;
		};
		EC5A2BF4198552C900A5C2FA /* Release */ = {
			isa = XCBuildConfiguration;
			buildSettings = {
				ALWAYS_SEARCH_USER_PATHS = NO;
				CLANG_CXX_LANGUAGE_STANDARD = "gnu++0x";
				CLANG_CXX_LIBRARY = "libc++";
				CLANG_ENABLE_MODULES = YES;
				CLANG_ENABLE_OBJC_ARC = YES;
				CLANG_WARN_BOOL_CONVERSION = YES;
				CLANG_WARN_CONSTANT_CONVERSION = YES;
				CLANG_WARN_DIRECT_OBJC_ISA_USAGE = YES_ERROR;
				CLANG_WARN_EMPTY_BODY = YES;
				CLANG_WARN_ENUM_CONVERSION = YES;
				CLANG_WARN_INT_CONVERSION = YES;
				CLANG_WARN_OBJC_ROOT_CLASS = YES_ERROR;
				CLANG_WARN_UNREACHABLE_CODE = YES;
				CLANG_WARN__DUPLICATE_METHOD_MATCH = YES;
				"CODE_SIGN_IDENTITY[sdk=iphoneos*]" = "iPhone Developer";
				COPY_PHASE_STRIP = YES;
				ENABLE_NS_ASSERTIONS = NO;
				ENABLE_STRICT_OBJC_MSGSEND = YES;
				GCC_C_LANGUAGE_STANDARD = gnu99;
				GCC_WARN_64_TO_32_BIT_CONVERSION = YES;
				GCC_WARN_ABOUT_RETURN_TYPE = YES_ERROR;
				GCC_WARN_UNDECLARED_SELECTOR = YES;
				GCC_WARN_UNINITIALIZED_AUTOS = YES_AGGRESSIVE;
				GCC_WARN_UNUSED_FUNCTION = YES;
				GCC_WARN_UNUSED_VARIABLE = YES;
				IPHONEOS_DEPLOYMENT_TARGET = 8.0;
				MTL_ENABLE_DEBUG_INFO = NO;
				SDKROOT = iphoneos;
				VALIDATE_PRODUCT = YES;
			};
			name = Release;
		};
		EC5A2BF6198552C900A5C2FA /* Debug */ = {
			isa = XCBuildConfiguration;
			buildSettings = {
				ASSETCATALOG_COMPILER_APPICON_NAME = AppIcon;
				ASSETCATALOG_COMPILER_LAUNCHIMAGE_NAME = LaunchImage;
				INFOPLIST_FILE = FirstSwift/Info.plist;
				LD_RUNPATH_SEARCH_PATHS = "$(inherited) @executable_path/Frameworks";
				PRODUCT_NAME = "$(TARGET_NAME)";
			};
			name = Debug;
		};
		EC5A2BF7198552C900A5C2FA /* Release */ = {
			isa = XCBuildConfiguration;
			buildSettings = {
				ASSETCATALOG_COMPILER_APPICON_NAME = AppIcon;
				ASSETCATALOG_COMPILER_LAUNCHIMAGE_NAME = LaunchImage;
				INFOPLIST_FILE = FirstSwift/Info.plist;
				LD_RUNPATH_SEARCH_PATHS = "$(inherited) @executable_path/Frameworks";
				PRODUCT_NAME = "$(TARGET_NAME)";
			};
			name = Release;
		};
		EC5A2BF9198552C900A5C2FA /* Debug */ = {
			isa = XCBuildConfiguration;
			buildSettings = {
				BUNDLE_LOADER = "$(BUILT_PRODUCTS_DIR)/FirstSwift.app/FirstSwift";
				FRAMEWORK_SEARCH_PATHS = (
					"$(SDKROOT)/Developer/Library/Frameworks",
					"$(inherited)",
				);
				GCC_PREPROCESSOR_DEFINITIONS = (
					"DEBUG=1",
					"$(inherited)",
				);
				INFOPLIST_FILE = FirstSwiftTests/Info.plist;
				LD_RUNPATH_SEARCH_PATHS = "$(inherited) @executable_path/Frameworks @loader_path/Frameworks";
				PRODUCT_NAME = "$(TARGET_NAME)";
				TEST_HOST = "$(BUNDLE_LOADER)";
			};
			name = Debug;
		};
		EC5A2BFA198552C900A5C2FA /* Release */ = {
			isa = XCBuildConfiguration;
			buildSettings = {
				BUNDLE_LOADER = "$(BUILT_PRODUCTS_DIR)/FirstSwift.app/FirstSwift";
				FRAMEWORK_SEARCH_PATHS = (
					"$(SDKROOT)/Developer/Library/Frameworks",
					"$(inherited)",
				);
				INFOPLIST_FILE = FirstSwiftTests/Info.plist;
				LD_RUNPATH_SEARCH_PATHS = "$(inherited) @executable_path/Frameworks @loader_path/Frameworks";
				PRODUCT_NAME = "$(TARGET_NAME)";
				TEST_HOST = "$(BUNDLE_LOADER)";
			};
			name = Release;
		};
/* End XCBuildConfiguration section */

/* Begin XCConfigurationList section */
		EC5A2BD4198552C900A5C2FA /* Build configuration list for PBXProject "FirstSwift" */ = {
			isa = XCConfigurationList;
			buildConfigurations = (
				EC5A2BF3198552C900A5C2FA /* Debug */,
				EC5A2BF4198552C900A5C2FA /* Release */,
			);
			defaultConfigurationIsVisible = 0;
			defaultConfigurationName = Release;
		};
		EC5A2BF5198552C900A5C2FA /* Build configuration list for PBXNativeTarget "FirstSwift" */ = {
			isa = XCConfigurationList;
			buildConfigurations = (
				EC5A2BF6198552C900A5C2FA /* Debug */,
				EC5A2BF7198552C900A5C2FA /* Release */,
			);
			defaultConfigurationIsVisible = 0;
		};
		EC5A2BF8198552C900A5C2FA /* Build configuration list for PBXNativeTarget "FirstSwiftTests" */ = {
			isa = XCConfigurationList;
			buildConfigurations = (
				EC5A2BF9198552C900A5C2FA /* Debug */,
				EC5A2BFA198552C900A5C2FA /* Release */,
			);
			defaultConfigurationIsVisible = 0;
		};
/* End XCConfigurationList section */
	};
	rootObject = EC5A2BD1198552C900A5C2FA /* Project object */;
}
